
Microsoft Visual Studio Solution File, Format Version 12.00
# Visual Studio Version 17
VisualStudioVersion = 17.8.34330.188
MinimumVisualStudioVersion = 10.0.40219.1
Project("{FAE04EC0-301F-11D3-BF4B-00C04F79EFBC}") = "Workaround", "Workaround\Workaround.csproj", "{E62DB04A-B71A-4300-A12B-904210410686}"
EndProject
Project("{FAE04EC0-301F-11D3-BF4B-00C04F79EFBC}") = "Entities", "Entities\Entities.csproj", "{39559E68-1869-43C2-8D63-76DD2CAAAF5B}"
EndProject
Project("{FAE04EC0-301F-11D3-BF4B-00C04F79EFBC}") = "Business", "Business\Business.csproj", "{9EED72EF-D7AE-45AE-908E-018AFDDCBBA4}"
EndProject
Global
	GlobalSection(SolutionConfigurationPlatforms) = preSolution
		Debug|Any CPU = Debug|Any CPU
		Release|Any CPU = Release|Any CPU
	EndGlobalSection
	GlobalSection(ProjectConfigurationPlatforms) = postSolution
		{E62DB04A-B71A-4300-A12B-904210410686}.Debug|Any CPU.ActiveCfg = Debug|Any CPU
		{E62DB04A-B71A-4300-A12B-904210410686}.Debug|Any CPU.Build.0 = Debug|Any CPU
		{E62DB04A-B71A-4300-A12B-904210410686}.Release|Any CPU.ActiveCfg = Release|Any CPU
		{E62DB04A-B71A-4300-A12B-904210410686}.Release|Any CPU.Build.0 = Release|Any CPU
		{39559E68-1869-43C2-8D63-76DD2CAAAF5B}.Debug|Any CPU.ActiveCfg = Debug|Any CPU
		{39559E68-1869-43C2-8D63-76DD2CAAAF5B}.Debug|Any CPU.Build.0 = Debug|Any CPU
		{39559E68-1869-43C2-8D63-76DD2CAAAF5B}.Release|Any CPU.ActiveCfg = Release|Any CPU
		{39559E68-1869-43C2-8D63-76DD2CAAAF5B}.Release|Any CPU.Build.0 = Release|Any CPU
		{9EED72EF-D7AE-45AE-908E-018AFDDCBBA4}.Debug|Any CPU.ActiveCfg = Debug|Any CPU
		{9EED72EF-D7AE-45AE-908E-018AFDDCBBA4}.Debug|Any CPU.Build.0 = Debug|Any CPU
		{9EED72EF-D7AE-45AE-908E-018AFDDCBBA4}.Release|Any CPU.ActiveCfg = Release|Any CPU
		{9EED72EF-D7AE-45AE-908E-018AFDDCBBA4}.Release|Any CPU.Build.0 = Release|Any CPU
	EndGlobalSection
	GlobalSection(SolutionProperties) = preSolution
		HideSolutionNode = FALSE
	EndGlobalSection
	GlobalSection(ExtensibilityGlobals) = postSolution
		SolutionGuid = {5B608009-8347-4004-A3D4-722B3C4C0EA4}
	EndGlobalSection
EndGlobal
